// !$*UTF8*$!
{
	archiveVersion = 1;
	classes = {
	};
	objectVersion = 56;
	objects = {

/* Begin PBXBuildFile section */
		A10000000000000000000001 /* AppTab.swift in Sources */ = {isa = PBXBuildFile; fileRef = A20000000000000000000001 /* AppTab.swift */; };
		A10000000000000000000002 /* AppRouter.swift in Sources */ = {isa = PBXBuildFile; fileRef = A20000000000000000000002 /* AppRouter.swift */; };
		A10000000000000000000003 /* AppDependencies.swift in Sources */ = {isa = PBXBuildFile; fileRef = A20000000000000000000003 /* AppDependencies.swift */; };
		A10000000000000000000004 /* CaloriesTrackerApp.swift in Sources */ = {isa = PBXBuildFile; fileRef = A20000000000000000000004 /* CaloriesTrackerApp.swift */; };
		A10000000000000000000005 /* RootApplicationView.swift in Sources */ = {isa = PBXBuildFile; fileRef = A20000000000000000000005 /* RootApplicationView.swift */; };
		A10000000000000000000006 /* RootPlaceholderViews.swift in Sources */ = {isa = PBXBuildFile; fileRef = A20000000000000000000006 /* RootPlaceholderViews.swift */; };
		A10000000000000000000007 /* Nutrition.swift in Sources */ = {isa = PBXBuildFile; fileRef = A20000000000000000000007 /* Nutrition.swift */; };
		A10000000000000000000008 /* LocalDay.swift in Sources */ = {isa = PBXBuildFile; fileRef = A20000000000000000000008 /* LocalDay.swift */; };
		A10000000000000000000009 /* PersistentEnums.swift in Sources */ = {isa = PBXBuildFile; fileRef = A20000000000000000000009 /* PersistentEnums.swift */; };
		A10000000000000000000010 /* FoodUnit.swift in Sources */ = {isa = PBXBuildFile; fileRef = A20000000000000000000010 /* FoodUnit.swift */; };
		A10000000000000000000011 /* UnitConverter.swift in Sources */ = {isa = PBXBuildFile; fileRef = A20000000000000000000011 /* UnitConverter.swift */; };
		A10000000000000000000012 /* NutritionCalculator.swift in Sources */ = {isa = PBXBuildFile; fileRef = A20000000000000000000012 /* NutritionCalculator.swift */; };
		A10000000000000000000013 /* ProductModels.swift in Sources */ = {isa = PBXBuildFile; fileRef = A20000000000000000000013 /* ProductModels.swift */; };
		A10000000000000000000014 /* RecipeModels.swift in Sources */ = {isa = PBXBuildFile; fileRef = A20000000000000000000014 /* RecipeModels.swift */; };
		A10000000000000000000015 /* DiaryEntry.swift in Sources */ = {isa = PBXBuildFile; fileRef = A20000000000000000000015 /* DiaryEntry.swift */; };
		A10000000000000000000016 /* GoalModels.swift in Sources */ = {isa = PBXBuildFile; fileRef = A20000000000000000000016 /* GoalModels.swift */; };
		A10000000000000000000017 /* RepositoryProtocols.swift in Sources */ = {isa = PBXBuildFile; fileRef = A20000000000000000000017 /* RepositoryProtocols.swift */; };
		A10000000000000000000018 /* SwiftDataRecords.swift in Sources */ = {isa = PBXBuildFile; fileRef = A20000000000000000000018 /* SwiftDataRecords.swift */; };
		A10000000000000000000019 /* SchemaV1.swift in Sources */ = {isa = PBXBuildFile; fileRef = A20000000000000000000019 /* SchemaV1.swift */; };
		A10000000000000000000020 /* MigrationPlan.swift in Sources */ = {isa = PBXBuildFile; fileRef = A20000000000000000000020 /* MigrationPlan.swift */; };
		A10000000000000000000021 /* RecordMappers.swift in Sources */ = {isa = PBXBuildFile; fileRef = A20000000000000000000021 /* RecordMappers.swift */; };
		A10000000000000000000022 /* SwiftDataRepositories.swift in Sources */ = {isa = PBXBuildFile; fileRef = A20000000000000000000022 /* SwiftDataRepositories.swift */; };
		A10000000000000000000023 /* ProductService.swift in Sources */ = {isa = PBXBuildFile; fileRef = A20000000000000000000024 /* ProductService.swift */; };
		A10000000000000000000024 /* ProductViewModels.swift in Sources */ = {isa = PBXBuildFile; fileRef = A20000000000000000000025 /* ProductViewModels.swift */; };
		A10000000000000000000025 /* ProductCatalogView.swift in Sources */ = {isa = PBXBuildFile; fileRef = A20000000000000000000026 /* ProductCatalogView.swift */; };
		A10000000000000000000026 /* ProductDetailView.swift in Sources */ = {isa = PBXBuildFile; fileRef = A20000000000000000000027 /* ProductDetailView.swift */; };
		A10000000000000000000027 /* ProductEditorView.swift in Sources */ = {isa = PBXBuildFile; fileRef = A20000000000000000000028 /* ProductEditorView.swift */; };
		A10000000000000000000028 /* ProductVersionHistoryView.swift in Sources */ = {isa = PBXBuildFile; fileRef = A20000000000000000000029 /* ProductVersionHistoryView.swift */; };
		A10000000000000000000029 /* DiaryCommands.swift in Sources */ = {isa = PBXBuildFile; fileRef = A20000000000000000000030 /* DiaryCommands.swift */; };
		A10000000000000000000030 /* DiaryService.swift in Sources */ = {isa = PBXBuildFile; fileRef = A20000000000000000000031 /* DiaryService.swift */; };
		A10000000000000000000031 /* TodayViewModels.swift in Sources */ = {isa = PBXBuildFile; fileRef = A20000000000000000000032 /* TodayViewModels.swift */; };
		A10000000000000000000032 /* TodayView.swift in Sources */ = {isa = PBXBuildFile; fileRef = A20000000000000000000033 /* TodayView.swift */; };
		A10000000000000000000033 /* FoodSelectionView.swift in Sources */ = {isa = PBXBuildFile; fileRef = A20000000000000000000034 /* FoodSelectionView.swift */; };
		A10000000000000000000034 /* DiaryAmountView.swift in Sources */ = {isa = PBXBuildFile; fileRef = A20000000000000000000035 /* DiaryAmountView.swift */; };
		A10000000000000000000035 /* RecipeCalculator.swift in Sources */ = {isa = PBXBuildFile; fileRef = A20000000000000000000036 /* RecipeCalculator.swift */; };
		A10000000000000000000036 /* RecipeService.swift in Sources */ = {isa = PBXBuildFile; fileRef = A20000000000000000000037 /* RecipeService.swift */; };
		A10000000000000000000037 /* RecipeViewModels.swift in Sources */ = {isa = PBXBuildFile; fileRef = A20000000000000000000038 /* RecipeViewModels.swift */; };
		A10000000000000000000038 /* RecipeViews.swift in Sources */ = {isa = PBXBuildFile; fileRef = A20000000000000000000039 /* RecipeViews.swift */; };
		A10000000000000000000039 /* GoalService.swift in Sources */ = {isa = PBXBuildFile; fileRef = A20000000000000000000040 /* GoalService.swift */; };
		A10000000000000000000040 /* StatisticsService.swift in Sources */ = {isa = PBXBuildFile; fileRef = A20000000000000000000041 /* StatisticsService.swift */; };
		A10000000000000000000041 /* StatisticsModels.swift in Sources */ = {isa = PBXBuildFile; fileRef = A20000000000000000000042 /* StatisticsModels.swift */; };
		A10000000000000000000042 /* GoalViewModels.swift in Sources */ = {isa = PBXBuildFile; fileRef = A20000000000000000000043 /* GoalViewModels.swift */; };
		A10000000000000000000043 /* GoalEditorView.swift in Sources */ = {isa = PBXBuildFile; fileRef = A20000000000000000000044 /* GoalEditorView.swift */; };
		A10000000000000000000044 /* StatisticsViewModels.swift in Sources */ = {isa = PBXBuildFile; fileRef = A20000000000000000000045 /* StatisticsViewModels.swift */; };
		A10000000000000000000045 /* StatisticsView.swift in Sources */ = {isa = PBXBuildFile; fileRef = A20000000000000000000046 /* StatisticsView.swift */; };
/* End PBXBuildFile section */

/* Begin PBXFileReference section */
		A20000000000000000000001 /* AppTab.swift */ = {isa = PBXFileReference; lastKnownFileType = sourcecode.swift; path = AppTab.swift; sourceTree = "<group>"; };
		A20000000000000000000002 /* AppRouter.swift */ = {isa = PBXFileReference; lastKnownFileType = sourcecode.swift; path = AppRouter.swift; sourceTree = "<group>"; };
		A20000000000000000000003 /* AppDependencies.swift */ = {isa = PBXFileReference; lastKnownFileType = sourcecode.swift; path = AppDependencies.swift; sourceTree = "<group>"; };
		A20000000000000000000004 /* CaloriesTrackerApp.swift */ = {isa = PBXFileReference; lastKnownFileType = sourcecode.swift; path = CaloriesTrackerApp.swift; sourceTree = "<group>"; };
		A20000000000000000000005 /* RootApplicationView.swift */ = {isa = PBXFileReference; lastKnownFileType = sourcecode.swift; path = RootApplicationView.swift; sourceTree = "<group>"; };
		A20000000000000000000006 /* RootPlaceholderViews.swift */ = {isa = PBXFileReference; lastKnownFileType = sourcecode.swift; path = RootPlaceholderViews.swift; sourceTree = "<group>"; };
		A20000000000000000000007 /* Nutrition.swift */ = {isa = PBXFileReference; lastKnownFileType = sourcecode.swift; path = Nutrition.swift; sourceTree = "<group>"; };
		A20000000000000000000008 /* LocalDay.swift */ = {isa = PBXFileReference; lastKnownFileType = sourcecode.swift; path = LocalDay.swift; sourceTree = "<group>"; };
		A20000000000000000000009 /* PersistentEnums.swift */ = {isa = PBXFileReference; lastKnownFileType = sourcecode.swift; path = PersistentEnums.swift; sourceTree = "<group>"; };
		A20000000000000000000010 /* FoodUnit.swift */ = {isa = PBXFileReference; lastKnownFileType = sourcecode.swift; path = FoodUnit.swift; sourceTree = "<group>"; };
		A20000000000000000000011 /* UnitConverter.swift */ = {isa = PBXFileReference; lastKnownFileType = sourcecode.swift; path = UnitConverter.swift; sourceTree = "<group>"; };
		A20000000000000000000012 /* NutritionCalculator.swift */ = {isa = PBXFileReference; lastKnownFileType = sourcecode.swift; path = NutritionCalculator.swift; sourceTree = "<group>"; };
		A20000000000000000000013 /* ProductModels.swift */ = {isa = PBXFileReference; lastKnownFileType = sourcecode.swift; path = ProductModels.swift; sourceTree = "<group>"; };
		A20000000000000000000014 /* RecipeModels.swift */ = {isa = PBXFileReference; lastKnownFileType = sourcecode.swift; path = RecipeModels.swift; sourceTree = "<group>"; };
		A20000000000000000000015 /* DiaryEntry.swift */ = {isa = PBXFileReference; lastKnownFileType = sourcecode.swift; path = DiaryEntry.swift; sourceTree = "<group>"; };
		A20000000000000000000016 /* GoalModels.swift */ = {isa = PBXFileReference; lastKnownFileType = sourcecode.swift; path = GoalModels.swift; sourceTree = "<group>"; };
		A20000000000000000000017 /* RepositoryProtocols.swift */ = {isa = PBXFileReference; lastKnownFileType = sourcecode.swift; path = RepositoryProtocols.swift; sourceTree = "<group>"; };
		A20000000000000000000018 /* SwiftDataRecords.swift */ = {isa = PBXFileReference; lastKnownFileType = sourcecode.swift; path = SwiftDataRecords.swift; sourceTree = "<group>"; };
		A20000000000000000000019 /* SchemaV1.swift */ = {isa = PBXFileReference; lastKnownFileType = sourcecode.swift; path = SchemaV1.swift; sourceTree = "<group>"; };
		A20000000000000000000020 /* MigrationPlan.swift */ = {isa = PBXFileReference; lastKnownFileType = sourcecode.swift; path = MigrationPlan.swift; sourceTree = "<group>"; };
		A20000000000000000000021 /* RecordMappers.swift */ = {isa = PBXFileReference; lastKnownFileType = sourcecode.swift; path = RecordMappers.swift; sourceTree = "<group>"; };
		A20000000000000000000022 /* SwiftDataRepositories.swift */ = {isa = PBXFileReference; lastKnownFileType = sourcecode.swift; path = SwiftDataRepositories.swift; sourceTree = "<group>"; };
		A20000000000000000000023 /* CaloriesTracker.app */ = {isa = PBXFileReference; explicitFileType = wrapper.application; includeInIndex = 0; path = CaloriesTracker.app; sourceTree = BUILT_PRODUCTS_DIR; };
		A20000000000000000000024 /* ProductService.swift */ = {isa = PBXFileReference; lastKnownFileType = sourcecode.swift; path = ProductService.swift; sourceTree = "<group>"; };
		A20000000000000000000025 /* ProductViewModels.swift */ = {isa = PBXFileReference; lastKnownFileType = sourcecode.swift; path = ProductViewModels.swift; sourceTree = "<group>"; };
		A20000000000000000000026 /* ProductCatalogView.swift */ = {isa = PBXFileReference; lastKnownFileType = sourcecode.swift; path = ProductCatalogView.swift; sourceTree = "<group>"; };
		A20000000000000000000027 /* ProductDetailView.swift */ = {isa = PBXFileReference; lastKnownFileType = sourcecode.swift; path = ProductDetailView.swift; sourceTree = "<group>"; };
		A20000000000000000000028 /* ProductEditorView.swift */ = {isa = PBXFileReference; lastKnownFileType = sourcecode.swift; path = ProductEditorView.swift; sourceTree = "<group>"; };
		A20000000000000000000029 /* ProductVersionHistoryView.swift */ = {isa = PBXFileReference; lastKnownFileType = sourcecode.swift; path = ProductVersionHistoryView.swift; sourceTree = "<group>"; };
		A20000000000000000000030 /* DiaryCommands.swift */ = {isa = PBXFileReference; lastKnownFileType = sourcecode.swift; path = DiaryCommands.swift; sourceTree = "<group>"; };
		A20000000000000000000031 /* DiaryService.swift */ = {isa = PBXFileReference; lastKnownFileType = sourcecode.swift; path = DiaryService.swift; sourceTree = "<group>"; };
		A20000000000000000000032 /* TodayViewModels.swift */ = {isa = PBXFileReference; lastKnownFileType = sourcecode.swift; path = TodayViewModels.swift; sourceTree = "<group>"; };
		A20000000000000000000033 /* TodayView.swift */ = {isa = PBXFileReference; lastKnownFileType = sourcecode.swift; path = TodayView.swift; sourceTree = "<group>"; };
		A20000000000000000000034 /* FoodSelectionView.swift */ = {isa = PBXFileReference; lastKnownFileType = sourcecode.swift; path = FoodSelectionView.swift; sourceTree = "<group>"; };
		A20000000000000000000035 /* DiaryAmountView.swift */ = {isa = PBXFileReference; lastKnownFileType = sourcecode.swift; path = DiaryAmountView.swift; sourceTree = "<group>"; };
		A20000000000000000000036 /* RecipeCalculator.swift */ = {isa = PBXFileReference; lastKnownFileType = sourcecode.swift; path = RecipeCalculator.swift; sourceTree = "<group>"; };
		A20000000000000000000037 /* RecipeService.swift */ = {isa = PBXFileReference; lastKnownFileType = sourcecode.swift; path = RecipeService.swift; sourceTree = "<group>"; };
		A20000000000000000000038 /* RecipeViewModels.swift */ = {isa = PBXFileReference; lastKnownFileType = sourcecode.swift; path = RecipeViewModels.swift; sourceTree = "<group>"; };
		A20000000000000000000039 /* RecipeViews.swift */ = {isa = PBXFileReference; lastKnownFileType = sourcecode.swift; path = RecipeViews.swift; sourceTree = "<group>"; };
		A20000000000000000000040 /* GoalService.swift */ = {isa = PBXFileReference; lastKnownFileType = sourcecode.swift; path = GoalService.swift; sourceTree = "<group>"; };
		A20000000000000000000041 /* StatisticsService.swift */ = {isa = PBXFileReference; lastKnownFileType = sourcecode.swift; path = StatisticsService.swift; sourceTree = "<group>"; };
		A20000000000000000000042 /* StatisticsModels.swift */ = {isa = PBXFileReference; lastKnownFileType = sourcecode.swift; path = StatisticsModels.swift; sourceTree = "<group>"; };
		A20000000000000000000043 /* GoalViewModels.swift */ = {isa = PBXFileReference; lastKnownFileType = sourcecode.swift; path = GoalViewModels.swift; sourceTree = "<group>"; };
		A20000000000000000000044 /* GoalEditorView.swift */ = {isa = PBXFileReference; lastKnownFileType = sourcecode.swift; path = GoalEditorView.swift; sourceTree = "<group>"; };
		A20000000000000000000045 /* StatisticsViewModels.swift */ = {isa = PBXFileReference; lastKnownFileType = sourcecode.swift; path = StatisticsViewModels.swift; sourceTree = "<group>"; };
		A20000000000000000000046 /* StatisticsView.swift */ = {isa = PBXFileReference; lastKnownFileType = sourcecode.swift; path = StatisticsView.swift; sourceTree = "<group>"; };
/* End PBXFileReference section */

/* Begin PBXFrameworksBuildPhase section */
		A30000000000000000000001 /* Frameworks */ = {
			isa = PBXFrameworksBuildPhase;
			buildActionMask = 2147483647;
			files = (
			);
			runOnlyForDeploymentPostprocessing = 0;
		};
/* End PBXFrameworksBuildPhase section */

/* Begin PBXGroup section */
		A40000000000000000000001 = {
			isa = PBXGroup;
			children = (
				A40000000000000000000004 /* App */,
				A40000000000000000000013 /* Application */,
				A40000000000000000000005 /* Features */,
				A40000000000000000000006 /* Domain */,
				A4000000000000000000000E /* Data */,
				A40000000000000000000003 /* Products */,
			);
			sourceTree = "<group>";
		};
		A40000000000000000000003 /* Products */ = {
			isa = PBXGroup;
			children = (
				A20000000000000000000023 /* CaloriesTracker.app */,
			);
			name = Products;
			sourceTree = "<group>";
		};
		A40000000000000000000004 /* App */ = {
			isa = PBXGroup;
			children = (
				A20000000000000000000001 /* AppTab.swift */,
				A20000000000000000000002 /* AppRouter.swift */,
				A20000000000000000000003 /* AppDependencies.swift */,
				A20000000000000000000004 /* CaloriesTrackerApp.swift */,
				A20000000000000000000005 /* RootApplicationView.swift */,
			);
			path = App;
			sourceTree = "<group>";
		};
		A40000000000000000000005 /* Features */ = {
			isa = PBXGroup;
			children = (
				A20000000000000000000006 /* RootPlaceholderViews.swift */,
				A40000000000000000000015 /* Catalog */,
				A40000000000000000000017 /* Today */,
				A4000000000000000000001B /* Goals */,
				A4000000000000000000001C /* Statistics */,
			);
			path = Features;
			sourceTree = "<group>";
		};
		A40000000000000000000013 /* Application */ = {
			isa = PBXGroup;
			children = (
				A40000000000000000000014 /* Products */,
				A40000000000000000000016 /* Diary */,
				A40000000000000000000018 /* Recipes */,
				A40000000000000000000019 /* Goals */,
				A4000000000000000000001A /* Statistics */,
			);
			path = Application;
			sourceTree = "<group>";
		};
		A40000000000000000000014 /* Products */ = {
			isa = PBXGroup;
			children = (
				A20000000000000000000024 /* ProductService.swift */,
			);
			path = Products;
			sourceTree = "<group>";
		};
		A40000000000000000000015 /* Catalog */ = {
			isa = PBXGroup;
			children = (
				A20000000000000000000025 /* ProductViewModels.swift */,
				A20000000000000000000026 /* ProductCatalogView.swift */,
				A20000000000000000000027 /* ProductDetailView.swift */,
				A20000000000000000000028 /* ProductEditorView.swift */,
				A20000000000000000000029 /* ProductVersionHistoryView.swift */,
				A20000000000000000000038 /* RecipeViewModels.swift */,
				A20000000000000000000039 /* RecipeViews.swift */,
			);
			path = Catalog;
			sourceTree = "<group>";
		};
		A40000000000000000000016 /* Diary */ = {
			isa = PBXGroup;
			children = (
				A20000000000000000000031 /* DiaryService.swift */,
			);
			path = Diary;
			sourceTree = "<group>";
		};
		A40000000000000000000018 /* Recipes */ = {
			isa = PBXGroup;
			children = (
				A20000000000000000000037 /* RecipeService.swift */,
			);
			path = Recipes;
			sourceTree = "<group>";
		};
		A40000000000000000000019 /* Goals */ = {
			isa = PBXGroup;
			children = (
				A20000000000000000000040 /* GoalService.swift */,
			);
			path = Goals;
			sourceTree = "<group>";
		};
		A4000000000000000000001A /* Statistics */ = {
			isa = PBXGroup;
			children = (
				A20000000000000000000041 /* StatisticsService.swift */,
			);
			path = Statistics;
			sourceTree = "<group>";
		};
		A40000000000000000000017 /* Today */ = {
			isa = PBXGroup;
			children = (
				A20000000000000000000032 /* TodayViewModels.swift */,
				A20000000000000000000033 /* TodayView.swift */,
				A20000000000000000000034 /* FoodSelectionView.swift */,
				A20000000000000000000035 /* DiaryAmountView.swift */,
			);
			path = Today;
			sourceTree = "<group>";
		};
		A4000000000000000000001B /* Goals */ = {
			isa = PBXGroup;
			children = (
				A20000000000000000000043 /* GoalViewModels.swift */,
				A20000000000000000000044 /* GoalEditorView.swift */,
			);
			path = Goals;
			sourceTree = "<group>";
		};
		A4000000000000000000001C /* Statistics */ = {
			isa = PBXGroup;
			children = (
				A20000000000000000000045 /* StatisticsViewModels.swift */,
				A20000000000000000000046 /* StatisticsView.swift */,
			);
			path = Statistics;
			sourceTree = "<group>";
		};
		A40000000000000000000006 /* Domain */ = {
			isa = PBXGroup;
			children = (
				A40000000000000000000007 /* Core */,
				A40000000000000000000008 /* Units */,
				A40000000000000000000009 /* Products */,
				A4000000000000000000000A /* Recipes */,
				A4000000000000000000000B /* Diary */,
				A4000000000000000000000C /* Goals */,
				A4000000000000000000001D /* Statistics */,
				A4000000000000000000000D /* Repositories */,
			);
			path = Domain;
			sourceTree = "<group>";
		};
		A40000000000000000000007 /* Core */ = {
			isa = PBXGroup;
			children = (
				A20000000000000000000007 /* Nutrition.swift */,
				A20000000000000000000008 /* LocalDay.swift */,
				A20000000000000000000009 /* PersistentEnums.swift */,
			);
			path = Core;
			sourceTree = "<group>";
		};
		A40000000000000000000008 /* Units */ = {
			isa = PBXGroup;
			children = (
				A20000000000000000000010 /* FoodUnit.swift */,
				A20000000000000000000011 /* UnitConverter.swift */,
				A20000000000000000000012 /* NutritionCalculator.swift */,
			);
			path = Units;
			sourceTree = "<group>";
		};
		A40000000000000000000009 /* Products */ = {
			isa = PBXGroup;
			children = (
				A20000000000000000000013 /* ProductModels.swift */,
			);
			path = Products;
			sourceTree = "<group>";
		};
		A4000000000000000000000A /* Recipes */ = {
			isa = PBXGroup;
			children = (
				A20000000000000000000014 /* RecipeModels.swift */,
				A20000000000000000000036 /* RecipeCalculator.swift */,
			);
			path = Recipes;
			sourceTree = "<group>";
		};
		A4000000000000000000000B /* Diary */ = {
			isa = PBXGroup;
			children = (
				A20000000000000000000015 /* DiaryEntry.swift */,
				A20000000000000000000030 /* DiaryCommands.swift */,
			);
			path = Diary;
			sourceTree = "<group>";
		};
		A4000000000000000000000C /* Goals */ = {
			isa = PBXGroup;
			children = (
				A20000000000000000000016 /* GoalModels.swift */,
			);
			path = Goals;
			sourceTree = "<group>";
		};
		A4000000000000000000001D /* Statistics */ = {
			isa = PBXGroup;
			children = (
				A20000000000000000000042 /* StatisticsModels.swift */,
			);
			path = Statistics;
			sourceTree = "<group>";
		};
		A4000000000000000000000D /* Repositories */ = {
			isa = PBXGroup;
			children = (
				A20000000000000000000017 /* RepositoryProtocols.swift */,
			);
			path = Repositories;
			sourceTree = "<group>";
		};
		A4000000000000000000000E /* Data */ = {
			isa = PBXGroup;
			children = (
				A4000000000000000000000F /* SwiftData */,
			);
			path = Data;
			sourceTree = "<group>";
		};
		A4000000000000000000000F /* SwiftData */ = {
			isa = PBXGroup;
			children = (
				A40000000000000000000010 /* Models */,
				A40000000000000000000011 /* Mappers */,
				A40000000000000000000012 /* Repositories */,
				A20000000000000000000019 /* SchemaV1.swift */,
				A20000000000000000000020 /* MigrationPlan.swift */,
			);
			path = SwiftData;
			sourceTree = "<group>";
		};
		A40000000000000000000010 /* Models */ = {
			isa = PBXGroup;
			children = (
				A20000000000000000000018 /* SwiftDataRecords.swift */,
			);
			path = Models;
			sourceTree = "<group>";
		};
		A40000000000000000000011 /* Mappers */ = {
			isa = PBXGroup;
			children = (
				A20000000000000000000021 /* RecordMappers.swift */,
			);
			path = Mappers;
			sourceTree = "<group>";
		};
		A40000000000000000000012 /* Repositories */ = {
			isa = PBXGroup;
			children = (
				A20000000000000000000022 /* SwiftDataRepositories.swift */,
			);
			path = Repositories;
			sourceTree = "<group>";
		};
/* End PBXGroup section */

/* Begin PBXNativeTarget section */
		A50000000000000000000001 /* CaloriesTracker */ = {
			isa = PBXNativeTarget;
			buildConfigurationList = A60000000000000000000002 /* Build configuration list for PBXNativeTarget "CaloriesTracker" */;
			buildPhases = (
				A30000000000000000000002 /* Sources */,
				A30000000000000000000001 /* Frameworks */,
				A30000000000000000000003 /* Resources */,
			);
			buildRules = (
			);
			dependencies = (
			);
			name = CaloriesTracker;
			productName = CaloriesTracker;
			productReference = A20000000000000000000023 /* CaloriesTracker.app */;
			productType = "com.apple.product-type.application";
		};
/* End PBXNativeTarget section */

/* Begin PBXProject section */
		A70000000000000000000001 /* Project object */ = {
			isa = PBXProject;
			attributes = {
				BuildIndependentTargetsInParallel = 1;
				LastUpgradeCheck = 2650;
				TargetAttributes = {
					A50000000000000000000001 = {
						CreatedOnToolsVersion = 26.0;
					};
				};
			};
			buildConfigurationList = A60000000000000000000001 /* Build configuration list for PBXProject "CaloriesTrackerIOS" */;
			compatibilityVersion = "Xcode 14.0";
			developmentRegion = en;
			hasScannedForEncodings = 0;
			knownRegions = (
				en,
				ru,
				Base,
			);
			mainGroup = A40000000000000000000001;
			productRefGroup = A40000000000000000000003 /* Products */;
			projectDirPath = "";
			projectRoot = "";
			targets = (
				A50000000000000000000001 /* CaloriesTracker */,
			);
		};
/* End PBXProject section */

/* Begin PBXResourcesBuildPhase section */
		A30000000000000000000003 /* Resources */ = {
			isa = PBXResourcesBuildPhase;
			buildActionMask = 2147483647;
			files = (
			);
			runOnlyForDeploymentPostprocessing = 0;
		};
/* End PBXResourcesBuildPhase section */

/* Begin PBXSourcesBuildPhase section */
		A30000000000000000000002 /* Sources */ = {
			isa = PBXSourcesBuildPhase;
			buildActionMask = 2147483647;
			files = (
				A10000000000000000000001 /* AppTab.swift in Sources */,
				A10000000000000000000002 /* AppRouter.swift in Sources */,
				A10000000000000000000003 /* AppDependencies.swift in Sources */,
				A10000000000000000000004 /* CaloriesTrackerApp.swift in Sources */,
				A10000000000000000000005 /* RootApplicationView.swift in Sources */,
				A10000000000000000000006 /* RootPlaceholderViews.swift in Sources */,
				A10000000000000000000007 /* Nutrition.swift in Sources */,
				A10000000000000000000008 /* LocalDay.swift in Sources */,
				A10000000000000000000009 /* PersistentEnums.swift in Sources */,
				A10000000000000000000010 /* FoodUnit.swift in Sources */,
				A10000000000000000000011 /* UnitConverter.swift in Sources */,
				A10000000000000000000012 /* NutritionCalculator.swift in Sources */,
				A10000000000000000000013 /* ProductModels.swift in Sources */,
				A10000000000000000000014 /* RecipeModels.swift in Sources */,
				A10000000000000000000015 /* DiaryEntry.swift in Sources */,
				A10000000000000000000016 /* GoalModels.swift in Sources */,
				A10000000000000000000017 /* RepositoryProtocols.swift in Sources */,
				A10000000000000000000018 /* SwiftDataRecords.swift in Sources */,
				A10000000000000000000019 /* SchemaV1.swift in Sources */,
				A10000000000000000000020 /* MigrationPlan.swift in Sources */,
				A10000000000000000000021 /* RecordMappers.swift in Sources */,
				A10000000000000000000022 /* SwiftDataRepositories.swift in Sources */,
				A10000000000000000000023 /* ProductService.swift in Sources */,
				A10000000000000000000024 /* ProductViewModels.swift in Sources */,
				A10000000000000000000025 /* ProductCatalogView.swift in Sources */,
				A10000000000000000000026 /* ProductDetailView.swift in Sources */,
				A10000000000000000000027 /* ProductEditorView.swift in Sources */,
				A10000000000000000000028 /* ProductVersionHistoryView.swift in Sources */,
				A10000000000000000000029 /* DiaryCommands.swift in Sources */,
				A10000000000000000000030 /* DiaryService.swift in Sources */,
				A10000000000000000000031 /* TodayViewModels.swift in Sources */,
				A10000000000000000000032 /* TodayView.swift in Sources */,
				A10000000000000000000033 /* FoodSelectionView.swift in Sources */,
				A10000000000000000000034 /* DiaryAmountView.swift in Sources */,
				A10000000000000000000035 /* RecipeCalculator.swift in Sources */,
				A10000000000000000000036 /* RecipeService.swift in Sources */,
				A10000000000000000000037 /* RecipeViewModels.swift in Sources */,
				A10000000000000000000038 /* RecipeViews.swift in Sources */,
				A10000000000000000000039 /* GoalService.swift in Sources */,
				A10000000000000000000040 /* StatisticsService.swift in Sources */,
				A10000000000000000000041 /* StatisticsModels.swift in Sources */,
				A10000000000000000000042 /* GoalViewModels.swift in Sources */,
				A10000000000000000000043 /* GoalEditorView.swift in Sources */,
				A10000000000000000000044 /* StatisticsViewModels.swift in Sources */,
				A10000000000000000000045 /* StatisticsView.swift in Sources */,
			);
			runOnlyForDeploymentPostprocessing = 0;
		};
/* End PBXSourcesBuildPhase section */

/* Begin XCBuildConfiguration section */
		A80000000000000000000001 /* Debug */ = {
			isa = XCBuildConfiguration;
			buildSettings = {
				ALWAYS_SEARCH_USER_PATHS = NO;
				CLANG_ANALYZER_LOCALIZABILITY_NONLOCALIZED = YES;
				CLANG_ENABLE_MODULES = YES;
				CLANG_ENABLE_OBJC_ARC = YES;
				CLANG_WARN_BLOCK_CAPTURE_AUTORELEASING = YES;
				CLANG_WARN_BOOL_CONVERSION = YES;
				CLANG_WARN_COMMA = YES;
				CLANG_WARN_CONSTANT_CONVERSION = YES;
				CLANG_WARN_DEPRECATED_OBJC_IMPLEMENTATIONS = YES;
				CLANG_WARN_DOCUMENTATION_COMMENTS = YES;
				CLANG_WARN_EMPTY_BODY = YES;
				CLANG_WARN_ENUM_CONVERSION = YES;
				CLANG_WARN_INFINITE_RECURSION = YES;
				CLANG_WARN_INT_CONVERSION = YES;
				CLANG_WARN_NON_LITERAL_NULL_CONVERSION = YES;
				CLANG_WARN_OBJC_IMPLICIT_RETAIN_SELF = YES;
				CLANG_WARN_OBJC_LITERAL_CONVERSION = YES;
				CLANG_WARN_QUOTED_INCLUDE_IN_FRAMEWORK_HEADER = YES;
				CLANG_WARN_RANGE_LOOP_ANALYSIS = YES;
				CLANG_WARN_STRICT_PROTOTYPES = YES;
				CLANG_WARN_SUSPICIOUS_MOVE = YES;
				CLANG_WARN_UNREACHABLE_CODE = YES;
				CLANG_WARN__DUPLICATE_METHOD_MATCH = YES;
				DEBUG_INFORMATION_FORMAT = dwarf;
				DEVELOPMENT_TEAM = R89TSN48SZ;
				ENABLE_STRICT_OBJC_MSGSEND = YES;
				ENABLE_TESTABILITY = YES;
				ENABLE_USER_SCRIPT_SANDBOXING = YES;
				GCC_C_LANGUAGE_STANDARD = gnu17;
				GCC_NO_COMMON_BLOCKS = YES;
				GCC_WARN_64_TO_32_BIT_CONVERSION = YES;
				GCC_WARN_ABOUT_RETURN_TYPE = YES;
				GCC_WARN_UNDECLARED_SELECTOR = YES;
				GCC_WARN_UNINITIALIZED_AUTOS = YES_AGGRESSIVE;
				GCC_WARN_UNUSED_FUNCTION = YES;
				GCC_WARN_UNUSED_VARIABLE = YES;
				IPHONEOS_DEPLOYMENT_TARGET = 17.0;
				MTL_FAST_MATH = YES;
				ONLY_ACTIVE_ARCH = YES;
				SDKROOT = iphoneos;
				STRING_CATALOG_GENERATE_SYMBOLS = YES;
				SWIFT_VERSION = 5.0;
			};
			name = Debug;
		};
		A80000000000000000000002 /* Release */ = {
			isa = XCBuildConfiguration;
			buildSettings = {
				ALWAYS_SEARCH_USER_PATHS = NO;
				CLANG_ANALYZER_LOCALIZABILITY_NONLOCALIZED = YES;
				CLANG_ENABLE_MODULES = YES;
				CLANG_ENABLE_OBJC_ARC = YES;
				CLANG_WARN_BLOCK_CAPTURE_AUTORELEASING = YES;
				CLANG_WARN_BOOL_CONVERSION = YES;
				CLANG_WARN_COMMA = YES;
				CLANG_WARN_CONSTANT_CONVERSION = YES;
				CLANG_WARN_DEPRECATED_OBJC_IMPLEMENTATIONS = YES;
				CLANG_WARN_DOCUMENTATION_COMMENTS = YES;
				CLANG_WARN_EMPTY_BODY = YES;
				CLANG_WARN_ENUM_CONVERSION = YES;
				CLANG_WARN_INFINITE_RECURSION = YES;
				CLANG_WARN_INT_CONVERSION = YES;
				CLANG_WARN_NON_LITERAL_NULL_CONVERSION = YES;
				CLANG_WARN_OBJC_IMPLICIT_RETAIN_SELF = YES;
				CLANG_WARN_OBJC_LITERAL_CONVERSION = YES;
				CLANG_WARN_QUOTED_INCLUDE_IN_FRAMEWORK_HEADER = YES;
				CLANG_WARN_RANGE_LOOP_ANALYSIS = YES;
				CLANG_WARN_STRICT_PROTOTYPES = YES;
				CLANG_WARN_SUSPICIOUS_MOVE = YES;
				CLANG_WARN_UNREACHABLE_CODE = YES;
				CLANG_WARN__DUPLICATE_METHOD_MATCH = YES;
				DEBUG_INFORMATION_FORMAT = "dwarf-with-dsym";
				DEVELOPMENT_TEAM = R89TSN48SZ;
				ENABLE_STRICT_OBJC_MSGSEND = YES;
				ENABLE_USER_SCRIPT_SANDBOXING = YES;
				GCC_C_LANGUAGE_STANDARD = gnu17;
				GCC_NO_COMMON_BLOCKS = YES;
				GCC_WARN_64_TO_32_BIT_CONVERSION = YES;
				GCC_WARN_ABOUT_RETURN_TYPE = YES;
				GCC_WARN_UNDECLARED_SELECTOR = YES;
				GCC_WARN_UNINITIALIZED_AUTOS = YES_AGGRESSIVE;
				GCC_WARN_UNUSED_FUNCTION = YES;
				GCC_WARN_UNUSED_VARIABLE = YES;
				IPHONEOS_DEPLOYMENT_TARGET = 17.0;
				MTL_FAST_MATH = YES;
				SDKROOT = iphoneos;
				STRING_CATALOG_GENERATE_SYMBOLS = YES;
				SWIFT_COMPILATION_MODE = wholemodule;
				SWIFT_VERSION = 5.0;
			};
			name = Release;
		};
		A80000000000000000000003 /* Debug */ = {
			isa = XCBuildConfiguration;
			buildSettings = {
				ASSETCATALOG_COMPILER_APPICON_NAME = "";
				CODE_SIGN_STYLE = Automatic;
				CURRENT_PROJECT_VERSION = 1;
				GENERATE_INFOPLIST_FILE = YES;
				INFOPLIST_KEY_UILaunchScreen_Generation = YES;
				IPHONEOS_DEPLOYMENT_TARGET = 17.0;
				LD_RUNPATH_SEARCH_PATHS = (
					"$(inherited)",
					"@executable_path/Frameworks",
				);
				MARKETING_VERSION = 1.0;
				PRODUCT_BUNDLE_IDENTIFIER = com.caloriestracker.ios;
				PRODUCT_NAME = "$(TARGET_NAME)";
				SUPPORTED_PLATFORMS = "iphoneos iphonesimulator";
				SUPPORTS_MACCATALYST = NO;
				SWIFT_EMIT_LOC_STRINGS = YES;
				TARGETED_DEVICE_FAMILY = 1;
			};
			name = Debug;
		};
		A80000000000000000000004 /* Release */ = {
			isa = XCBuildConfiguration;
			buildSettings = {
				ASSETCATALOG_COMPILER_APPICON_NAME = "";
				CODE_SIGN_STYLE = Automatic;
				CURRENT_PROJECT_VERSION = 1;
				GENERATE_INFOPLIST_FILE = YES;
				INFOPLIST_KEY_UILaunchScreen_Generation = YES;
				IPHONEOS_DEPLOYMENT_TARGET = 17.0;
				LD_RUNPATH_SEARCH_PATHS = (
					"$(inherited)",
					"@executable_path/Frameworks",
				);
				MARKETING_VERSION = 1.0;
				PRODUCT_BUNDLE_IDENTIFIER = com.caloriestracker.ios;
				PRODUCT_NAME = "$(TARGET_NAME)";
				SUPPORTED_PLATFORMS = "iphoneos iphonesimulator";
				SUPPORTS_MACCATALYST = NO;
				SWIFT_EMIT_LOC_STRINGS = YES;
				TARGETED_DEVICE_FAMILY = 1;
			};
			name = Release;
		};
/* End XCBuildConfiguration section */

/* Begin XCConfigurationList section */
		A60000000000000000000001 /* Build configuration list for PBXProject "CaloriesTrackerIOS" */ = {
			isa = XCConfigurationList;
			buildConfigurations = (
				A80000000000000000000001 /* Debug */,
				A80000000000000000000002 /* Release */,
			);
			defaultConfigurationIsVisible = 0;
			defaultConfigurationName = Release;
		};
		A60000000000000000000002 /* Build configuration list for PBXNativeTarget "CaloriesTracker" */ = {
			isa = XCConfigurationList;
			buildConfigurations = (
				A80000000000000000000003 /* Debug */,
				A80000000000000000000004 /* Release */,
			);
			defaultConfigurationIsVisible = 0;
			defaultConfigurationName = Release;
		};
/* End XCConfigurationList section */
	};
	rootObject = A70000000000000000000001 /* Project object */;
}
